github.com/avvmoto/buf-readerat v0.0.0-20171115124131-a17c8cb89270 h1:JIxGEMs4E5Zb6R7z2C5IgecI0mkqS97WAEF31wUbYTM=
github.com/avvmoto/buf-readerat v0.0.0-20171115124131-a17c8cb89270/go.mod h1:2XtVRGCw/HthOLxU0Qw6o6jSJrcEoOb2OCCl8gQYvGw=
github.com/dgryski/go-tinylfu v0.1.0 h1:+0Ifx7ESVQWfmPFXhqW8dMUW9R1Z1bC7mxlL5g2CGTo=
github.com/dgryski/go-tinylfu v0.1.0/go.mod h1:f50PMO4C1x0o341KZt49XtmTpf4LP/JXjxzWuRQEMHw=
github.com/klauspost/cpuid/v2 v2.0.9 h1:lgaqFMSdTdQYdZ04uHyN2d/eKdOMyi2YLSvlQIBFYa4=
github.com/klauspost/cpuid/v2 v2.0.9/go.mod h1:FInQzS24/EEf25PyTYn52gqo7WaD8xa0213Md/qVLRg=
github.com/therootcompany/xz v1.0.1 h1:CmOtsn1CbtmyYiusbfmhmkpAAETj0wBIH6kCYaX+xzw=
github.com/therootcompany/xz v1.0.1/go.mod h1:3K3UH1yCKgBneZYhuQUvJ9HPD19UEXEI0BWbMn8qNMY=
github.com/zeebo/xxh3 v1.0.2 h1:xZmwmqxHZA8AI603jOQ0tMqmBr9lPeFwGg6d+xy9DC0=
github.com/zeebo/xxh3 v1.0.2/go.mod h1:5NWz9Sef7zIDm2JHfFlcQvNekmcEl9ekUZQQKCYaDcA=
