github.com/dgryski/go-tinylfu v0.1.0 h1:+0Ifx7ESVQWfmPFXhqW8dMUW9R1Z1bC7mxlL5g2CGTo=
github.com/dgryski/go-tinylfu v0.1.0/go.mod h1:f50PMO4C1x0o341KZt49XtmTpf4LP/JXjxzWuRQEMHw=
github.com/therootcompany/xz v1.0.1 h1:CmOtsn1CbtmyYiusbfmhmkpAAETj0wBIH6kCYaX+xzw=
github.com/therootcompany/xz v1.0.1/go.mod h1:3K3UH1yCKgBneZYhuQUvJ9HPD19UEXEI0BWbMn8qNMY=
